// !$*UTF8*$!
{
	archiveVersion = 1;
	classes = {
	};
	objectVersion = 56;
	objects = {

/* Begin PBXBuildFile section */
		500663BF2AE71D1700DFD391 /* AppDelegate.swift in Sources */ = {isa = PBXBuildFile; fileRef = 500663BE2AE71D1700DFD391 /* AppDelegate.swift */; };
		500663C12AE71D1700DFD391 /* SceneDelegate.swift in Sources */ = {isa = PBXBuildFile; fileRef = 500663C02AE71D1700DFD391 /* SceneDelegate.swift */; };
		500663C62AE71D1700DFD391 /* Main.storyboard in Resources */ = {isa = PBXBuildFile; fileRef = 500663C42AE71D1700DFD391 /* Main.storyboard */; };
		500663C82AE71D1800DFD391 /* Assets.xcassets in Resources */ = {isa = PBXBuildFile; fileRef = 500663C72AE71D1800DFD391 /* Assets.xcassets */; };
		500663CB2AE71D1800DFD391 /* LaunchScreen.storyboard in Resources */ = {isa = PBXBuildFile; fileRef = 500663C92AE71D1800DFD391 /* LaunchScreen.storyboard */; };
		500663D62AE71D1800DFD391 /* RandomColorsTests.swift in Sources */ = {isa = PBXBuildFile; fileRef = 500663D52AE71D1800DFD391 /* RandomColorsTests.swift */; };
		500663E02AE71D1800DFD391 /* RandomColorsUITests.swift in Sources */ = {isa = PBXBuildFile; fileRef = 500663DF2AE71D1800DFD391 /* RandomColorsUITests.swift */; };
		500663E22AE71D1800DFD391 /* RandomColorsUITestsLaunchTests.swift in Sources */ = {isa = PBXBuildFile; fileRef = 500663E12AE71D1800DFD391 /* RandomColorsUITestsLaunchTests.swift */; };
		500663F12AE71FBC00DFD391 /* ColorsTableViewController.swift in Sources */ = {isa = PBXBuildFile; fileRef = 500663F02AE71FBC00DFD391 /* ColorsTableViewController.swift */; };
		500663F32AE7222F00DFD391 /* ColorsDetailViewController.swift in Sources */ = {isa = PBXBuildFile; fileRef = 500663F22AE7222F00DFD391 /* ColorsDetailViewController.swift */; };
		5027668C2AE837D900312AE8 /* UIColorEXT.swift in Sources */ = {isa = PBXBuildFile; fileRef = 5027668B2AE837D900312AE8 /* UIColorEXT.swift */; };
/* End PBXBuildFile section */

/* Begin PBXContainerItemProxy section */
		500663D22AE71D1800DFD391 /* PBXContainerItemProxy */ = {
			isa = PBXContainerItemProxy;
			containerPortal = 500663B32AE71D1700DFD391 /* Project object */;
			proxyType = 1;
			remoteGlobalIDString = 500663BA2AE71D1700DFD391;
			remoteInfo = RandomColors;
		};
		500663DC2AE71D1800DFD391 /* PBXContainerItemProxy */ = {
			isa = PBXContainerItemProxy;
			containerPortal = 500663B32AE71D1700DFD391 /* Project object */;
			proxyType = 1;
			remoteGlobalIDString = 500663BA2AE71D1700DFD391;
			remoteInfo = RandomColors;
		};
/* End PBXContainerItemProxy section */

/* Begin PBXFileReference section */
		500663BB2AE71D1700DFD391 /* RandomColors.app */ = {isa = PBXFileReference; explicitFileType = wrapper.application; includeInIndex = 0; path = RandomColors.app; sourceTree = BUILT_PRODUCTS_DIR; };
		500663BE2AE71D1700DFD391 /* AppDelegate.swift */ = {isa = PBXFileReference; lastKnownFileType = sourcecode.swift; path = AppDelegate.swift; sourceTree = "<group>"; };
		500663C02AE71D1700DFD391 /* SceneDelegate.swift */ = {isa = PBXFileReference; lastKnownFileType = sourcecode.swift; path = SceneDelegate.swift; sourceTree = "<group>"; };
		500663C52AE71D1700DFD391 /* Base */ = {isa = PBXFileReference; lastKnownFileType = file.storyboard; name = Base; path = Base.lproj/Main.storyboard; sourceTree = "<group>"; };
		500663C72AE71D1800DFD391 /* Assets.xcassets */ = {isa = PBXFileReference; lastKnownFileType = folder.assetcatalog; path = Assets.xcassets; sourceTree = "<group>"; };
		500663CA2AE71D1800DFD391 /* Base */ = {isa = PBXFileReference; lastKnownFileType = file.storyboard; name = Base; path = Base.lproj/LaunchScreen.storyboard; sourceTree = "<group>"; };
		500663CC2AE71D1800DFD391 /* Info.plist */ = {isa = PBXFileReference; lastKnownFileType = text.plist.xml; path = Info.plist; sourceTree = "<group>"; };
		500663D12AE71D1800DFD391 /* RandomColorsTests.xctest */ = {isa = PBXFileReference; explicitFileType = wrapper.cfbundle; includeInIndex = 0; path = RandomColorsTests.xctest; sourceTree = BUILT_PRODUCTS_DIR; };
		500663D52AE71D1800DFD391 /* RandomColorsTests.swift */ = {isa = PBXFileReference; lastKnownFileType = sourcecode.swift; path = RandomColorsTests.swift; sourceTree = "<group>"; };
		500663DB2AE71D1800DFD391 /* RandomColorsUITests.xctest */ = {isa = PBXFileReference; explicitFileType = wrapper.cfbundle; includeInIndex = 0; path = RandomColorsUITests.xctest; sourceTree = BUILT_PRODUCTS_DIR; };
		500663DF2AE71D1800DFD391 /* RandomColorsUITests.swift */ = {isa = PBXFileReference; lastKnownFileType = sourcecode.swift; path = RandomColorsUITests.swift; sourceTree = "<group>"; };
		500663E12AE71D1800DFD391 /* RandomColorsUITestsLaunchTests.swift */ = {isa = PBXFileReference; lastKnownFileType = sourcecode.swift; path = RandomColorsUITestsLaunchTests.swift; sourceTree = "<group>"; };
		500663F02AE71FBC00DFD391 /* ColorsTableViewController.swift */ = {isa = PBXFileReference; lastKnownFileType = sourcecode.swift; path = ColorsTableViewController.swift; sourceTree = "<group>"; };
		500663F22AE7222F00DFD391 /* ColorsDetailViewController.swift */ = {isa = PBXFileReference; lastKnownFileType = sourcecode.swift; path = ColorsDetailViewController.swift; sourceTree = "<group>"; };
		5027668B2AE837D900312AE8 /* UIColorEXT.swift */ = {isa = PBXFileReference; lastKnownFileType = sourcecode.swift; path = UIColorEXT.swift; sourceTree = "<group>"; };
/* End PBXFileReference section */

/* Begin PBXFrameworksBuildPhase section */
		500663B82AE71D1700DFD391 /* Frameworks */ = {
			isa = PBXFrameworksBuildPhase;
			buildActionMask = 2147483647;
			files = (
			);
			runOnlyForDeploymentPostprocessing = 0;
		};
		500663CE2AE71D1800DFD391 /* Frameworks */ = {
			isa = PBXFrameworksBuildPhase;
			buildActionMask = 2147483647;
			files = (
			);
			runOnlyForDeploymentPostprocessing = 0;
		};
		500663D82AE71D1800DFD391 /* Frameworks */ = {
			isa = PBXFrameworksBuildPhase;
			buildActionMask = 2147483647;
			files = (
			);
			runOnlyForDeploymentPostprocessing = 0;
		};
/* End PBXFrameworksBuildPhase section */

/* Begin PBXGroup section */
		500663B22AE71D1700DFD391 = {
			isa = PBXGroup;
			children = (
				500663BD2AE71D1700DFD391 /* RandomColors */,
				500663D42AE71D1800DFD391 /* RandomColorsTests */,
				500663DE2AE71D1800DFD391 /* RandomColorsUITests */,
				500663BC2AE71D1700DFD391 /* Products */,
			);
			sourceTree = "<group>";
		};
		500663BC2AE71D1700DFD391 /* Products */ = {
			isa = PBXGroup;
			children = (
				500663BB2AE71D1700DFD391 /* RandomColors.app */,
				500663D12AE71D1800DFD391 /* RandomColorsTests.xctest */,
				500663DB2AE71D1800DFD391 /* RandomColorsUITests.xctest */,
			);
			name = Products;
			sourceTree = "<group>";
		};
		500663BD2AE71D1700DFD391 /* RandomColors */ = {
			isa = PBXGroup;
			children = (
				500663BE2AE71D1700DFD391 /* AppDelegate.swift */,
				500663C02AE71D1700DFD391 /* SceneDelegate.swift */,
				500663F02AE71FBC00DFD391 /* ColorsTableViewController.swift */,
				500663F22AE7222F00DFD391 /* ColorsDetailViewController.swift */,
				500663C42AE71D1700DFD391 /* Main.storyboard */,
				500663C72AE71D1800DFD391 /* Assets.xcassets */,
				500663C92AE71D1800DFD391 /* LaunchScreen.storyboard */,
				500663CC2AE71D1800DFD391 /* Info.plist */,
				5027668B2AE837D900312AE8 /* UIColorEXT.swift */,
			);
			path = RandomColors;
			sourceTree = "<group>";
		};
		500663D42AE71D1800DFD391 /* RandomColorsTests */ = {
			isa = PBXGroup;
			children = (
				500663D52AE71D1800DFD391 /* RandomColorsTests.swift */,
			);
			path = RandomColorsTests;
			sourceTree = "<group>";
		};
		500663DE2AE71D1800DFD391 /* RandomColorsUITests */ = {
			isa = PBXGroup;
			children = (
				500663DF2AE71D1800DFD391 /* RandomColorsUITests.swift */,
				500663E12AE71D1800DFD391 /* RandomColorsUITestsLaunchTests.swift */,
			);
			path = RandomColorsUITests;
			sourceTree = "<group>";
		};
/* End PBXGroup section */

/* Begin PBXNativeTarget section */
		500663BA2AE71D1700DFD391 /* RandomColors */ = {
			isa = PBXNativeTarget;
			buildConfigurationList = 500663E52AE71D1800DFD391 /* Build configuration list for PBXNativeTarget "RandomColors" */;
			buildPhases = (
				500663B72AE71D1700DFD391 /* Sources */,
				500663B82AE71D1700DFD391 /* Frameworks */,
				500663B92AE71D1700DFD391 /* Resources */,
			);
			buildRules = (
			);
			dependencies = (
			);
			name = RandomColors;
			productName = RandomColors;
			productReference = 500663BB2AE71D1700DFD391 /* RandomColors.app */;
			productType = "com.apple.product-type.application";
		};
		500663D02AE71D1800DFD391 /* RandomColorsTests */ = {
			isa = PBXNativeTarget;
			buildConfigurationList = 500663E82AE71D1800DFD391 /* Build configuration list for PBXNativeTarget "RandomColorsTests" */;
			buildPhases = (
				500663CD2AE71D1800DFD391 /* Sources */,
				500663CE2AE71D1800DFD391 /* Frameworks */,
				500663CF2AE71D1800DFD391 /* Resources */,
			);
			buildRules = (
			);
			dependencies = (
				500663D32AE71D1800DFD391 /* PBXTargetDependency */,
			);
			name = RandomColorsTests;
			productName = RandomColorsTests;
			productReference = 500663D12AE71D1800DFD391 /* RandomColorsTests.xctest */;
			productType = "com.apple.product-type.bundle.unit-test";
		};
		500663DA2AE71D1800DFD391 /* RandomColorsUITests */ = {
			isa = PBXNativeTarget;
			buildConfigurationList = 500663EB2AE71D1800DFD391 /* Build configuration list for PBXNativeTarget "RandomColorsUITests" */;
			buildPhases = (
				500663D72AE71D1800DFD391 /* Sources */,
				500663D82AE71D1800DFD391 /* Frameworks */,
				500663D92AE71D1800DFD391 /* Resources */,
			);
			buildRules = (
			);
			dependencies = (
				500663DD2AE71D1800DFD391 /* PBXTargetDependency */,
			);
			name = RandomColorsUITests;
			productName = RandomColorsUITests;
			productReference = 500663DB2AE71D1800DFD391 /* RandomColorsUITests.xctest */;
			productType = "com.apple.product-type.bundle.ui-testing";
		};
/* End PBXNativeTarget section */

/* Begin PBXProject section */
		500663B32AE71D1700DFD391 /* Project object */ = {
			isa = PBXProject;
			attributes = {
				BuildIndependentTargetsInParallel = 1;
				LastSwiftUpdateCheck = 1500;
				LastUpgradeCheck = 1500;
				TargetAttributes = {
					500663BA2AE71D1700DFD391 = {
						CreatedOnToolsVersion = 15.0;
					};
					500663D02AE71D1800DFD391 = {
						CreatedOnToolsVersion = 15.0;
						TestTargetID = 500663BA2AE71D1700DFD391;
					};
					500663DA2AE71D1800DFD391 = {
						CreatedOnToolsVersion = 15.0;
						TestTargetID = 500663BA2AE71D1700DFD391;
					};
				};
			};
			buildConfigurationList = 500663B62AE71D1700DFD391 /* Build configuration list for PBXProject "RandomColors" */;
			compatibilityVersion = "Xcode 14.0";
			developmentRegion = en;
			hasScannedForEncodings = 0;
			knownRegions = (
				en,
				Base,
			);
			mainGroup = 500663B22AE71D1700DFD391;
			productRefGroup = 500663BC2AE71D1700DFD391 /* Products */;
			projectDirPath = "";
			projectRoot = "";
			targets = (
				500663BA2AE71D1700DFD391 /* RandomColors */,
				500663D02AE71D1800DFD391 /* RandomColorsTests */,
				500663DA2AE71D1800DFD391 /* RandomColorsUITests */,
			);
		};
/* End PBXProject section */

/* Begin PBXResourcesBuildPhase section */
		500663B92AE71D1700DFD391 /* Resources */ = {
			isa = PBXResourcesBuildPhase;
			buildActionMask = 2147483647;
			files = (
				500663CB2AE71D1800DFD391 /* LaunchScreen.storyboard in Resources */,
				500663C82AE71D1800DFD391 /* Assets.xcassets in Resources */,
				500663C62AE71D1700DFD391 /* Main.storyboard in Resources */,
			);
			runOnlyForDeploymentPostprocessing = 0;
		};
		500663CF2AE71D1800DFD391 /* Resources */ = {
			isa = PBXResourcesBuildPhase;
			buildActionMask = 2147483647;
			files = (
			);
			runOnlyForDeploymentPostprocessing = 0;
		};
		500663D92AE71D1800DFD391 /* Resources */ = {
			isa = PBXResourcesBuildPhase;
			buildActionMask = 2147483647;
			files = (
			);
			runOnlyForDeploymentPostprocessing = 0;
		};
/* End PBXResourcesBuildPhase section */

/* Begin PBXSourcesBuildPhase section */
		500663B72AE71D1700DFD391 /* Sources */ = {
			isa = PBXSourcesBuildPhase;
			buildActionMask = 2147483647;
			files = (
				500663BF2AE71D1700DFD391 /* AppDelegate.swift in Sources */,
				500663C12AE71D1700DFD391 /* SceneDelegate.swift in Sources */,
				500663F32AE7222F00DFD391 /* ColorsDetailViewController.swift in Sources */,
				500663F12AE71FBC00DFD391 /* ColorsTableViewController.swift in Sources */,
				5027668C2AE837D900312AE8 /* UIColorEXT.swift in Sources */,
			);
			runOnlyForDeploymentPostprocessing = 0;
		};
		500663CD2AE71D1800DFD391 /* Sources */ = {
			isa = PBXSourcesBuildPhase;
			buildActionMask = 2147483647;
			files = (
				500663D62AE71D1800DFD391 /* RandomColorsTests.swift in Sources */,
			);
			runOnlyForDeploymentPostprocessing = 0;
		};
		500663D72AE71D1800DFD391 /* Sources */ = {
			isa = PBXSourcesBuildPhase;
			buildActionMask = 2147483647;
			files = (
				500663E02AE71D1800DFD391 /* RandomColorsUITests.swift in Sources */,
				500663E22AE71D1800DFD391 /* RandomColorsUITestsLaunchTests.swift in Sources */,
			);
			runOnlyForDeploymentPostprocessing = 0;
		};
/* End PBXSourcesBuildPhase section */

/* Begin PBXTargetDependency section */
		500663D32AE71D1800DFD391 /* PBXTargetDependency */ = {
			isa = PBXTargetDependency;
			target = 500663BA2AE71D1700DFD391 /* RandomColors */;
			targetProxy = 500663D22AE71D1800DFD391 /* PBXContainerItemProxy */;
		};
		500663DD2AE71D1800DFD391 /* PBXTargetDependency */ = {
			isa = PBXTargetDependency;
			target = 500663BA2AE71D1700DFD391 /* RandomColors */;
			targetProxy = 500663DC2AE71D1800DFD391 /* PBXContainerItemProxy */;
		};
/* End PBXTargetDependency section */

/* Begin PBXVariantGroup section */
		500663C42AE71D1700DFD391 /* Main.storyboard */ = {
			isa = PBXVariantGroup;
			children = (
				500663C52AE71D1700DFD391 /* Base */,
			);
			name = Main.storyboard;
			sourceTree = "<group>";
		};
		500663C92AE71D1800DFD391 /* LaunchScreen.storyboard */ = {
			isa = PBXVariantGroup;
			children = (
				500663CA2AE71D1800DFD391 /* Base */,
			);
			name = LaunchScreen.storyboard;
			sourceTree = "<group>";
		};
/* End PBXVariantGroup section */

/* Begin XCBuildConfiguration section */
		500663E32AE71D1800DFD391 /* Debug */ = {
			isa = XCBuildConfiguration;
			buildSettings = {
				ALWAYS_SEARCH_USER_PATHS = NO;
				ASSETCATALOG_COMPILER_GENERATE_SWIFT_ASSET_SYMBOL_EXTENSIONS = YES;
				CLANG_ANALYZER_NONNULL = YES;
				CLANG_ANALYZER_NUMBER_OBJECT_CONVERSION = YES_AGGRESSIVE;
				CLANG_CXX_LANGUAGE_STANDARD = "gnu++20";
				CLANG_ENABLE_MODULES = YES;
				CLANG_ENABLE_OBJC_ARC = YES;
				CLANG_ENABLE_OBJC_WEAK = YES;
				CLANG_WARN_BLOCK_CAPTURE_AUTORELEASING = YES;
				CLANG_WARN_BOOL_CONVERSION = YES;
				CLANG_WARN_COMMA = YES;
				CLANG_WARN_CONSTANT_CONVERSION = YES;
				CLANG_WARN_DEPRECATED_OBJC_IMPLEMENTATIONS = YES;
				CLANG_WARN_DIRECT_OBJC_ISA_USAGE = YES_ERROR;
				CLANG_WARN_DOCUMENTATION_COMMENTS = YES;
				CLANG_WARN_EMPTY_BODY = YES;
				CLANG_WARN_ENUM_CONVERSION = YES;
				CLANG_WARN_INFINITE_RECURSION = YES;
				CLANG_WARN_INT_CONVERSION = YES;
				CLANG_WARN_NON_LITERAL_NULL_CONVERSION = YES;
				CLANG_WARN_OBJC_IMPLICIT_RETAIN_SELF = YES;
				CLANG_WARN_OBJC_LITERAL_CONVERSION = YES;
				CLANG_WARN_OBJC_ROOT_CLASS = YES_ERROR;
				CLANG_WARN_QUOTED_INCLUDE_IN_FRAMEWORK_HEADER = YES;
				CLANG_WARN_RANGE_LOOP_ANALYSIS = YES;
				CLANG_WARN_STRICT_PROTOTYPES = YES;
				CLANG_WARN_SUSPICIOUS_MOVE = YES;
				CLANG_WARN_UNGUARDED_AVAILABILITY = YES_AGGRESSIVE;
				CLANG_WARN_UNREACHABLE_CODE = YES;
				CLANG_WARN__DUPLICATE_METHOD_MATCH = YES;
				COPY_PHASE_STRIP = NO;
				DEBUG_INFORMATION_FORMAT = dwarf;
				ENABLE_STRICT_OBJC_MSGSEND = YES;
				ENABLE_TESTABILITY = YES;
				ENABLE_USER_SCRIPT_SANDBOXING = YES;
				GCC_C_LANGUAGE_STANDARD = gnu17;
				GCC_DYNAMIC_NO_PIC = NO;
				GCC_NO_COMMON_BLOCKS = YES;
				GCC_OPTIMIZATION_LEVEL = 0;
				GCC_PREPROCESSOR_DEFINITIONS = (
					"DEBUG=1",
					"$(inherited)",
				);
				GCC_WARN_64_TO_32_BIT_CONVERSION = YES;
				GCC_WARN_ABOUT_RETURN_TYPE = YES_ERROR;
				GCC_WARN_UNDECLARED_SELECTOR = YES;
				GCC_WARN_UNINITIALIZED_AUTOS = YES_AGGRESSIVE;
				GCC_WARN_UNUSED_FUNCTION = YES;
				GCC_WARN_UNUSED_VARIABLE = YES;
				IPHONEOS_DEPLOYMENT_TARGET = 17.0;
				LOCALIZATION_PREFERS_STRING_CATALOGS = YES;
				MTL_ENABLE_DEBUG_INFO = INCLUDE_SOURCE;
				MTL_FAST_MATH = YES;
				ONLY_ACTIVE_ARCH = YES;
				SDKROOT = iphoneos;
				SWIFT_ACTIVE_COMPILATION_CONDITIONS = "DEBUG $(inherited)";
				SWIFT_OPTIMIZATION_LEVEL = "-Onone";
			};
			name = Debug;
		};
		500663E42AE71D1800DFD391 /* Release */ = {
			isa = XCBuildConfiguration;
			buildSettings = {
				ALWAYS_SEARCH_USER_PATHS = NO;
				ASSETCATALOG_COMPILER_GENERATE_SWIFT_ASSET_SYMBOL_EXTENSIONS = YES;
				CLANG_ANALYZER_NONNULL = YES;
				CLANG_ANALYZER_NUMBER_OBJECT_CONVERSION = YES_AGGRESSIVE;
				CLANG_CXX_LANGUAGE_STANDARD = "gnu++20";
				CLANG_ENABLE_MODULES = YES;
				CLANG_ENABLE_OBJC_ARC = YES;
				CLANG_ENABLE_OBJC_WEAK = YES;
				CLANG_WARN_BLOCK_CAPTURE_AUTORELEASING = YES;
				CLANG_WARN_BOOL_CONVERSION = YES;
				CLANG_WARN_COMMA = YES;
				CLANG_WARN_CONSTANT_CONVERSION = YES;
				CLANG_WARN_DEPRECATED_OBJC_IMPLEMENTATIONS = YES;
				CLANG_WARN_DIRECT_OBJC_ISA_USAGE = YES_ERROR;
				CLANG_WARN_DOCUMENTATION_COMMENTS = YES;
				CLANG_WARN_EMPTY_BODY = YES;
				CLANG_WARN_ENUM_CONVERSION = YES;
				CLANG_WARN_INFINITE_RECURSION = YES;
				CLANG_WARN_INT_CONVERSION = YES;
				CLANG_WARN_NON_LITERAL_NULL_CONVERSION = YES;
				CLANG_WARN_OBJC_IMPLICIT_RETAIN_SELF = YES;
				CLANG_WARN_OBJC_LITERAL_CONVERSION = YES;
				CLANG_WARN_OBJC_ROOT_CLASS = YES_ERROR;
				CLANG_WARN_QUOTED_INCLUDE_IN_FRAMEWORK_HEADER = YES;
				CLANG_WARN_RANGE_LOOP_ANALYSIS = YES;
				CLANG_WARN_STRICT_PROTOTYPES = YES;
				CLANG_WARN_SUSPICIOUS_MOVE = YES;
				CLANG_WARN_UNGUARDED_AVAILABILITY = YES_AGGRESSIVE;
				CLANG_WARN_UNREACHABLE_CODE = YES;
				CLANG_WARN__DUPLICATE_METHOD_MATCH = YES;
				COPY_PHASE_STRIP = NO;
				DEBUG_INFORMATION_FORMAT = "dwarf-with-dsym";
				ENABLE_NS_ASSERTIONS = NO;
				ENABLE_STRICT_OBJC_MSGSEND = YES;
				ENABLE_USER_SCRIPT_SANDBOXING = YES;
				GCC_C_LANGUAGE_STANDARD = gnu17;
				GCC_NO_COMMON_BLOCKS = YES;
				GCC_WARN_64_TO_32_BIT_CONVERSION = YES;
				GCC_WARN_ABOUT_RETURN_TYPE = YES_ERROR;
				GCC_WARN_UNDECLARED_SELECTOR = YES;
				GCC_WARN_UNINITIALIZED_AUTOS = YES_AGGRESSIVE;
				GCC_WARN_UNUSED_FUNCTION = YES;
				GCC_WARN_UNUSED_VARIABLE = YES;
				IPHONEOS_DEPLOYMENT_TARGET = 17.0;
				LOCALIZATION_PREFERS_STRING_CATALOGS = YES;
				MTL_ENABLE_DEBUG_INFO = NO;
				MTL_FAST_MATH = YES;
				SDKROOT = iphoneos;
				SWIFT_COMPILATION_MODE = wholemodule;
				VALIDATE_PRODUCT = YES;
			};
			name = Release;
		};
		500663E62AE71D1800DFD391 /* Debug */ = {
			isa = XCBuildConfiguration;
			buildSettings = {
				ASSETCATALOG_COMPILER_APPICON_NAME = AppIcon;
				ASSETCATALOG_COMPILER_GLOBAL_ACCENT_COLOR_NAME = AccentColor;
				CODE_SIGN_STYLE = Automatic;
				CURRENT_PROJECT_VERSION = 1;
				DEVELOPMENT_TEAM = P32FX5FC6Z;
				GENERATE_INFOPLIST_FILE = YES;
				INFOPLIST_FILE = RandomColors/Info.plist;
				INFOPLIST_KEY_UIApplicationSupportsIndirectInputEvents = YES;
				INFOPLIST_KEY_UILaunchStoryboardName = LaunchScreen;
				INFOPLIST_KEY_UIMainStoryboardFile = Main;
				INFOPLIST_KEY_UISupportedInterfaceOrientations_iPad = "UIInterfaceOrientationPortrait UIInterfaceOrientationPortraitUpsideDown UIInterfaceOrientationLandscapeLeft UIInterfaceOrientationLandscapeRight";
				INFOPLIST_KEY_UISupportedInterfaceOrientations_iPhone = "UIInterfaceOrientationPortrait UIInterfaceOrientationLandscapeLeft UIInterfaceOrientationLandscapeRight";
				LD_RUNPATH_SEARCH_PATHS = (
					"$(inherited)",
					"@executable_path/Frameworks",
				);
				MARKETING_VERSION = 1.0;
				PRODUCT_BUNDLE_IDENTIFIER = com.thinktech.RandomColors;
				PRODUCT_NAME = "$(TARGET_NAME)";
				SWIFT_EMIT_LOC_STRINGS = YES;
				SWIFT_VERSION = 5.0;
				TARGETED_DEVICE_FAMILY = "1,2";
			};
			name = Debug;
		};
		500663E72AE71D1800DFD391 /* Release */ = {
			isa = XCBuildConfiguration;
			buildSettings = {
				ASSETCATALOG_COMPILER_APPICON_NAME = AppIcon;
				ASSETCATALOG_COMPILER_GLOBAL_ACCENT_COLOR_NAME = AccentColor;
				CODE_SIGN_STYLE = Automatic;
				CURRENT_PROJECT_VERSION = 1;
				DEVELOPMENT_TEAM = P32FX5FC6Z;
				GENERATE_INFOPLIST_FILE = YES;
				INFOPLIST_FILE = RandomColors/Info.plist;
				INFOPLIST_KEY_UIApplicationSupportsIndirectInputEvents = YES;
				INFOPLIST_KEY_UILaunchStoryboardName = LaunchScreen;
				INFOPLIST_KEY_UIMainStoryboardFile = Main;
				INFOPLIST_KEY_UISupportedInterfaceOrientations_iPad = "UIInterfaceOrientationPortrait UIInterfaceOrientationPortraitUpsideDown UIInterfaceOrientationLandscapeLeft UIInterfaceOrientationLandscapeRight";
				INFOPLIST_KEY_UISupportedInterfaceOrientations_iPhone = "UIInterfaceOrientationPortrait UIInterfaceOrientationLandscapeLeft UIInterfaceOrientationLandscapeRight";
				LD_RUNPATH_SEARCH_PATHS = (
					"$(inherited)",
					"@executable_path/Frameworks",
				);
				MARKETING_VERSION = 1.0;
				PRODUCT_BUNDLE_IDENTIFIER = com.thinktech.RandomColors;
				PRODUCT_NAME = "$(TARGET_NAME)";
				SWIFT_EMIT_LOC_STRINGS = YES;
				SWIFT_VERSION = 5.0;
				TARGETED_DEVICE_FAMILY = "1,2";
			};
			name = Release;
		};
		500663E92AE71D1800DFD391 /* Debug */ = {
			isa = XCBuildConfiguration;
			buildSettings = {
				ALWAYS_EMBED_SWIFT_STANDARD_LIBRARIES = YES;
				BUNDLE_LOADER = "$(TEST_HOST)";
				CODE_SIGN_STYLE = Automatic;
				CURRENT_PROJECT_VERSION = 1;
				GENERATE_INFOPLIST_FILE = YES;
				IPHONEOS_DEPLOYMENT_TARGET = 17.0;
				MARKETING_VERSION = 1.0;
				PRODUCT_BUNDLE_IDENTIFIER = com.thinktech.RandomColorsTests;
				PRODUCT_NAME = "$(TARGET_NAME)";
				SWIFT_EMIT_LOC_STRINGS = NO;
				SWIFT_VERSION = 5.0;
				TARGETED_DEVICE_FAMILY = "1,2";
				TEST_HOST = "$(BUILT_PRODUCTS_DIR)/RandomColors.app/$(BUNDLE_EXECUTABLE_FOLDER_PATH)/RandomColors";
			};
			name = Debug;
		};
		500663EA2AE71D1800DFD391 /* Release */ = {
			isa = XCBuildConfiguration;
			buildSettings = {
				ALWAYS_EMBED_SWIFT_STANDARD_LIBRARIES = YES;
				BUNDLE_LOADER = "$(TEST_HOST)";
				CODE_SIGN_STYLE = Automatic;
				CURRENT_PROJECT_VERSION = 1;
				GENERATE_INFOPLIST_FILE = YES;
				IPHONEOS_DEPLOYMENT_TARGET = 17.0;
				MARKETING_VERSION = 1.0;
				PRODUCT_BUNDLE_IDENTIFIER = com.thinktech.RandomColorsTests;
				PRODUCT_NAME = "$(TARGET_NAME)";
				SWIFT_EMIT_LOC_STRINGS = NO;
				SWIFT_VERSION = 5.0;
				TARGETED_DEVICE_FAMILY = "1,2";
				TEST_HOST = "$(BUILT_PRODUCTS_DIR)/RandomColors.app/$(BUNDLE_EXECUTABLE_FOLDER_PATH)/RandomColors";
			};
			name = Release;
		};
		500663EC2AE71D1800DFD391 /* Debug */ = {
			isa = XCBuildConfiguration;
			buildSettings = {
				ALWAYS_EMBED_SWIFT_STANDARD_LIBRARIES = YES;
				CODE_SIGN_STYLE = Automatic;
				CURRENT_PROJECT_VERSION = 1;
				GENERATE_INFOPLIST_FILE = YES;
				MARKETING_VERSION = 1.0;
				PRODUCT_BUNDLE_IDENTIFIER = com.thinktech.RandomColorsUITests;
				PRODUCT_NAME = "$(TARGET_NAME)";
				SWIFT_EMIT_LOC_STRINGS = NO;
				SWIFT_VERSION = 5.0;
				TARGETED_DEVICE_FAMILY = "1,2";
				TEST_TARGET_NAME = RandomColors;
			};
			name = Debug;
		};
		500663ED2AE71D1800DFD391 /* Release */ = {
			isa = XCBuildConfiguration;
			buildSettings = {
				ALWAYS_EMBED_SWIFT_STANDARD_LIBRARIES = YES;
				CODE_SIGN_STYLE = Automatic;
				CURRENT_PROJECT_VERSION = 1;
				GENERATE_INFOPLIST_FILE = YES;
				MARKETING_VERSION = 1.0;
				PRODUCT_BUNDLE_IDENTIFIER = com.thinktech.RandomColorsUITests;
				PRODUCT_NAME = "$(TARGET_NAME)";
				SWIFT_EMIT_LOC_STRINGS = NO;
				SWIFT_VERSION = 5.0;
				TARGETED_DEVICE_FAMILY = "1,2";
				TEST_TARGET_NAME = RandomColors;
			};
			name = Release;
		};
/* End XCBuildConfiguration section */

/* Begin XCConfigurationList section */
		500663B62AE71D1700DFD391 /* Build configuration list for PBXProject "RandomColors" */ = {
			isa = XCConfigurationList;
			buildConfigurations = (
				500663E32AE71D1800DFD391 /* Debug */,
				500663E42AE71D1800DFD391 /* Release */,
			);
			defaultConfigurationIsVisible = 0;
			defaultConfigurationName = Release;
		};
		500663E52AE71D1800DFD391 /* Build configuration list for PBXNativeTarget "RandomColors" */ = {
			isa = XCConfigurationList;
			buildConfigurations = (
				500663E62AE71D1800DFD391 /* Debug */,
				500663E72AE71D1800DFD391 /* Release */,
			);
			defaultConfigurationIsVisible = 0;
			defaultConfigurationName = Release;
		};
		500663E82AE71D1800DFD391 /* Build configuration list for PBXNativeTarget "RandomColorsTests" */ = {
			isa = XCConfigurationList;
			buildConfigurations = (
				500663E92AE71D1800DFD391 /* Debug */,
				500663EA2AE71D1800DFD391 /* Release */,
			);
			defaultConfigurationIsVisible = 0;
			defaultConfigurationName = Release;
		};
		500663EB2AE71D1800DFD391 /* Build configuration list for PBXNativeTarget "RandomColorsUITests" */ = {
			isa = XCConfigurationList;
			buildConfigurations = (
				500663EC2AE71D1800DFD391 /* Debug */,
				500663ED2AE71D1800DFD391 /* Release */,
			);
			defaultConfigurationIsVisible = 0;
			defaultConfigurationName = Release;
		};
/* End XCConfigurationList section */
	};
	rootObject = 500663B32AE71D1700DFD391 /* Project object */;
}
